
Microsoft Visual Studio Solution File, Format Version 12.00
# Visual Studio Version 17
VisualStudioVersion = 17.4.33213.308
MinimumVisualStudioVersion = 10.0.40219.1
Project("{2150E333-8FDC-42A3-9474-1A3956D46DE8}") = "Domain", "Domain", "{7E4AC48C-DFFC-4F91-AE14-47E357E004EB}"
EndProject
Project("{2150E333-8FDC-42A3-9474-1A3956D46DE8}") = "Tests", "Tests", "{BEAB4C84-DFAB-4C4F-BD0D-61A96E7B68A4}"
EndProject
Project("{9A19103F-16F7-4668-BE54-9A1E7A4F7556}") = "TankTankTeste.Tests", "TankTankTeste.Tests\TankTankTeste.Tests.csproj", "{A50D8CC4-08B6-4FA9-B1E1-AC0C44AA0C20}"
EndProject
Project("{9A19103F-16F7-4668-BE54-9A1E7A4F7556}") = "Shared", "Shared\Shared.csproj", "{864948A1-2755-49BD-8917-9FCCF23046B9}"
EndProject
Project("{2150E333-8FDC-42A3-9474-1A3956D46DE8}") = "Databases", "Databases", "{35B56053-6376-4DAC-9A96-481BBAFA47CA}"
EndProject
Project("{2150E333-8FDC-42A3-9474-1A3956D46DE8}") = "Servers", "Servers", "{3B3C1BE5-AAE4-49C6-A73E-01D479054CFD}"
EndProject
Project("{2150E333-8FDC-42A3-9474-1A3956D46DE8}") = "Workers", "Workers", "{2F20B78A-72EF-4A4C-BE4D-E001DF8630AB}"
EndProject
Project("{2150E333-8FDC-42A3-9474-1A3956D46DE8}") = "Service", "Service", "{6E13EB56-3FCF-4A44-9DFB-A427019069BF}"
EndProject
Project("{2150E333-8FDC-42A3-9474-1A3956D46DE8}") = "Core", "Core", "{9A783C8B-5069-479B-B5F6-3A8F6319D2A5}"
EndProject
Project("{9A19103F-16F7-4668-BE54-9A1E7A4F7556}") = "CenterService", "CenterService\CenterService.csproj", "{4BF4E92E-7052-4641-9BBA-99480282B65E}"
EndProject
Project("{2150E333-8FDC-42A3-9474-1A3956D46DE8}") = "Utils", "Utils", "{F9D7B9B5-FD65-4C34-97FB-E23431F8B95F}"
EndProject
Project("{9A19103F-16F7-4668-BE54-9A1E7A4F7556}") = "Extensions", "Extensions\Extensions.csproj", "{1501A469-4F2B-4EB7-9F24-42CDF4827550}"
EndProject
Project("{9A19103F-16F7-4668-BE54-9A1E7A4F7556}") = "Base", "Base\Base.csproj", "{326E29B6-2DA0-4B9B-AAAB-E0C0D6FF5104}"
EndProject
Project("{9A19103F-16F7-4668-BE54-9A1E7A4F7556}") = "Helpers", "Helpers\Helpers.csproj", "{7607692B-BAE4-4431-9EC5-86AF8639BF15}"
EndProject
Project("{9A19103F-16F7-4668-BE54-9A1E7A4F7556}") = "RoadWorker", "RoadWorker\RoadWorker.csproj", "{D79BC880-BBEC-4142-8D7F-6B9D63C347B0}"
EndProject
Project("{9A19103F-16F7-4668-BE54-9A1E7A4F7556}") = "RoadService", "RoadService\RoadService.csproj", "{208D3E6E-A3B5-4B9E-9C30-01867F356130}"
EndProject
Project("{2150E333-8FDC-42A3-9474-1A3956D46DE8}") = "Presentation", "Presentation", "{033A5632-F7EC-46B3-88B7-2EC8A4B48359}"
EndProject
Project("{9A19103F-16F7-4668-BE54-9A1E7A4F7556}") = "API", "API\API.csproj", "{AB3724AD-CB66-49F5-A779-33BF71BDACAB}"
EndProject
Project("{9A19103F-16F7-4668-BE54-9A1E7A4F7556}") = "CenterWorker", "CenterWebWorker\CenterWorker.csproj", "{88F12837-EE5A-46F7-843E-AA21064E9896}"
EndProject
Project("{9A19103F-16F7-4668-BE54-9A1E7A4F7556}") = "FightingService", "FightingService\FightingService.csproj", "{D335000C-7D6E-4EA8-96AE-9E3A2D0301D6}"
EndProject
Project("{9A19103F-16F7-4668-BE54-9A1E7A4F7556}") = "Tank", "Domain.Databases.Tank\Tank.csproj", "{B85EE4D7-E0D0-4CA4-80FA-3D5D287575CB}"
EndProject
Project("{9A19103F-16F7-4668-BE54-9A1E7A4F7556}") = "FightingWorker", "FightingWorker\FightingWorker.csproj", "{972CDE0E-5BEF-4861-B01A-ACE38FE23AF1}"
EndProject
Global
	GlobalSection(SolutionConfigurationPlatforms) = preSolution
		Debug|Any CPU = Debug|Any CPU
		Release|Any CPU = Release|Any CPU
	EndGlobalSection
	GlobalSection(ProjectConfigurationPlatforms) = postSolution
		{A50D8CC4-08B6-4FA9-B1E1-AC0C44AA0C20}.Debug|Any CPU.ActiveCfg = Debug|Any CPU
		{A50D8CC4-08B6-4FA9-B1E1-AC0C44AA0C20}.Debug|Any CPU.Build.0 = Debug|Any CPU
		{A50D8CC4-08B6-4FA9-B1E1-AC0C44AA0C20}.Release|Any CPU.ActiveCfg = Release|Any CPU
		{A50D8CC4-08B6-4FA9-B1E1-AC0C44AA0C20}.Release|Any CPU.Build.0 = Release|Any CPU
		{864948A1-2755-49BD-8917-9FCCF23046B9}.Debug|Any CPU.ActiveCfg = Debug|Any CPU
		{864948A1-2755-49BD-8917-9FCCF23046B9}.Debug|Any CPU.Build.0 = Debug|Any CPU
		{864948A1-2755-49BD-8917-9FCCF23046B9}.Release|Any CPU.ActiveCfg = Release|Any CPU
		{864948A1-2755-49BD-8917-9FCCF23046B9}.Release|Any CPU.Build.0 = Release|Any CPU
		{4BF4E92E-7052-4641-9BBA-99480282B65E}.Debug|Any CPU.ActiveCfg = Debug|Any CPU
		{4BF4E92E-7052-4641-9BBA-99480282B65E}.Debug|Any CPU.Build.0 = Debug|Any CPU
		{4BF4E92E-7052-4641-9BBA-99480282B65E}.Release|Any CPU.ActiveCfg = Release|Any CPU
		{4BF4E92E-7052-4641-9BBA-99480282B65E}.Release|Any CPU.Build.0 = Release|Any CPU
		{1501A469-4F2B-4EB7-9F24-42CDF4827550}.Debug|Any CPU.ActiveCfg = Debug|Any CPU
		{1501A469-4F2B-4EB7-9F24-42CDF4827550}.Debug|Any CPU.Build.0 = Debug|Any CPU
		{1501A469-4F2B-4EB7-9F24-42CDF4827550}.Release|Any CPU.ActiveCfg = Release|Any CPU
		{1501A469-4F2B-4EB7-9F24-42CDF4827550}.Release|Any CPU.Build.0 = Release|Any CPU
		{326E29B6-2DA0-4B9B-AAAB-E0C0D6FF5104}.Debug|Any CPU.ActiveCfg = Debug|Any CPU
		{326E29B6-2DA0-4B9B-AAAB-E0C0D6FF5104}.Debug|Any CPU.Build.0 = Debug|Any CPU
		{326E29B6-2DA0-4B9B-AAAB-E0C0D6FF5104}.Release|Any CPU.ActiveCfg = Release|Any CPU
		{326E29B6-2DA0-4B9B-AAAB-E0C0D6FF5104}.Release|Any CPU.Build.0 = Release|Any CPU
		{7607692B-BAE4-4431-9EC5-86AF8639BF15}.Debug|Any CPU.ActiveCfg = Debug|Any CPU
		{7607692B-BAE4-4431-9EC5-86AF8639BF15}.Debug|Any CPU.Build.0 = Debug|Any CPU
		{7607692B-BAE4-4431-9EC5-86AF8639BF15}.Release|Any CPU.ActiveCfg = Release|Any CPU
		{7607692B-BAE4-4431-9EC5-86AF8639BF15}.Release|Any CPU.Build.0 = Release|Any CPU
		{D79BC880-BBEC-4142-8D7F-6B9D63C347B0}.Debug|Any CPU.ActiveCfg = Debug|Any CPU
		{D79BC880-BBEC-4142-8D7F-6B9D63C347B0}.Debug|Any CPU.Build.0 = Debug|Any CPU
		{D79BC880-BBEC-4142-8D7F-6B9D63C347B0}.Release|Any CPU.ActiveCfg = Release|Any CPU
		{D79BC880-BBEC-4142-8D7F-6B9D63C347B0}.Release|Any CPU.Build.0 = Release|Any CPU
		{208D3E6E-A3B5-4B9E-9C30-01867F356130}.Debug|Any CPU.ActiveCfg = Debug|Any CPU
		{208D3E6E-A3B5-4B9E-9C30-01867F356130}.Debug|Any CPU.Build.0 = Debug|Any CPU
		{208D3E6E-A3B5-4B9E-9C30-01867F356130}.Release|Any CPU.ActiveCfg = Release|Any CPU
		{208D3E6E-A3B5-4B9E-9C30-01867F356130}.Release|Any CPU.Build.0 = Release|Any CPU
		{AB3724AD-CB66-49F5-A779-33BF71BDACAB}.Debug|Any CPU.ActiveCfg = Debug|Any CPU
		{AB3724AD-CB66-49F5-A779-33BF71BDACAB}.Debug|Any CPU.Build.0 = Debug|Any CPU
		{AB3724AD-CB66-49F5-A779-33BF71BDACAB}.Release|Any CPU.ActiveCfg = Release|Any CPU
		{AB3724AD-CB66-49F5-A779-33BF71BDACAB}.Release|Any CPU.Build.0 = Release|Any CPU
		{88F12837-EE5A-46F7-843E-AA21064E9896}.Debug|Any CPU.ActiveCfg = Debug|Any CPU
		{88F12837-EE5A-46F7-843E-AA21064E9896}.Debug|Any CPU.Build.0 = Debug|Any CPU
		{88F12837-EE5A-46F7-843E-AA21064E9896}.Release|Any CPU.ActiveCfg = Release|Any CPU
		{88F12837-EE5A-46F7-843E-AA21064E9896}.Release|Any CPU.Build.0 = Release|Any CPU
		{D335000C-7D6E-4EA8-96AE-9E3A2D0301D6}.Debug|Any CPU.ActiveCfg = Debug|Any CPU
		{D335000C-7D6E-4EA8-96AE-9E3A2D0301D6}.Debug|Any CPU.Build.0 = Debug|Any CPU
		{D335000C-7D6E-4EA8-96AE-9E3A2D0301D6}.Release|Any CPU.ActiveCfg = Release|Any CPU
		{D335000C-7D6E-4EA8-96AE-9E3A2D0301D6}.Release|Any CPU.Build.0 = Release|Any CPU
		{B85EE4D7-E0D0-4CA4-80FA-3D5D287575CB}.Debug|Any CPU.ActiveCfg = Debug|Any CPU
		{B85EE4D7-E0D0-4CA4-80FA-3D5D287575CB}.Debug|Any CPU.Build.0 = Debug|Any CPU
		{B85EE4D7-E0D0-4CA4-80FA-3D5D287575CB}.Release|Any CPU.ActiveCfg = Release|Any CPU
		{B85EE4D7-E0D0-4CA4-80FA-3D5D287575CB}.Release|Any CPU.Build.0 = Release|Any CPU
		{972CDE0E-5BEF-4861-B01A-ACE38FE23AF1}.Debug|Any CPU.ActiveCfg = Debug|Any CPU
		{972CDE0E-5BEF-4861-B01A-ACE38FE23AF1}.Debug|Any CPU.Build.0 = Debug|Any CPU
		{972CDE0E-5BEF-4861-B01A-ACE38FE23AF1}.Release|Any CPU.ActiveCfg = Release|Any CPU
		{972CDE0E-5BEF-4861-B01A-ACE38FE23AF1}.Release|Any CPU.Build.0 = Release|Any CPU
	EndGlobalSection
	GlobalSection(SolutionProperties) = preSolution
		HideSolutionNode = FALSE
	EndGlobalSection
	GlobalSection(NestedProjects) = preSolution
		{A50D8CC4-08B6-4FA9-B1E1-AC0C44AA0C20} = {BEAB4C84-DFAB-4C4F-BD0D-61A96E7B68A4}
		{864948A1-2755-49BD-8917-9FCCF23046B9} = {7E4AC48C-DFFC-4F91-AE14-47E357E004EB}
		{35B56053-6376-4DAC-9A96-481BBAFA47CA} = {7E4AC48C-DFFC-4F91-AE14-47E357E004EB}
		{2F20B78A-72EF-4A4C-BE4D-E001DF8630AB} = {3B3C1BE5-AAE4-49C6-A73E-01D479054CFD}
		{6E13EB56-3FCF-4A44-9DFB-A427019069BF} = {3B3C1BE5-AAE4-49C6-A73E-01D479054CFD}
		{9A783C8B-5069-479B-B5F6-3A8F6319D2A5} = {3B3C1BE5-AAE4-49C6-A73E-01D479054CFD}
		{4BF4E92E-7052-4641-9BBA-99480282B65E} = {6E13EB56-3FCF-4A44-9DFB-A427019069BF}
		{1501A469-4F2B-4EB7-9F24-42CDF4827550} = {F9D7B9B5-FD65-4C34-97FB-E23431F8B95F}
		{326E29B6-2DA0-4B9B-AAAB-E0C0D6FF5104} = {9A783C8B-5069-479B-B5F6-3A8F6319D2A5}
		{7607692B-BAE4-4431-9EC5-86AF8639BF15} = {F9D7B9B5-FD65-4C34-97FB-E23431F8B95F}
		{D79BC880-BBEC-4142-8D7F-6B9D63C347B0} = {2F20B78A-72EF-4A4C-BE4D-E001DF8630AB}
		{208D3E6E-A3B5-4B9E-9C30-01867F356130} = {6E13EB56-3FCF-4A44-9DFB-A427019069BF}
		{AB3724AD-CB66-49F5-A779-33BF71BDACAB} = {033A5632-F7EC-46B3-88B7-2EC8A4B48359}
		{88F12837-EE5A-46F7-843E-AA21064E9896} = {2F20B78A-72EF-4A4C-BE4D-E001DF8630AB}
		{D335000C-7D6E-4EA8-96AE-9E3A2D0301D6} = {6E13EB56-3FCF-4A44-9DFB-A427019069BF}
		{B85EE4D7-E0D0-4CA4-80FA-3D5D287575CB} = {35B56053-6376-4DAC-9A96-481BBAFA47CA}
		{972CDE0E-5BEF-4861-B01A-ACE38FE23AF1} = {2F20B78A-72EF-4A4C-BE4D-E001DF8630AB}
	EndGlobalSection
	GlobalSection(ExtensibilityGlobals) = postSolution
		SolutionGuid = {70B9499A-2AF6-4F2A-942A-2BA23918F5AB}
	EndGlobalSection
EndGlobal
